
Microsoft Visual Studio Solution File, Format Version 12.00
# Visual Studio Version 16
VisualStudioVersion = 16.0.34902.97
MinimumVisualStudioVersion = 10.0.40219.1
Project("{8BC9CEB8-8B4A-11D0-8D11-00A0C91BC942}") = "ClientIPC", "ClientIPC\ClientIPC.vcxproj", "{C6C79B9D-42BC-41B6-9BDA-9A0CF519747E}"
EndProject
Project("{8BC9CEB8-8B4A-11D0-8D11-00A0C91BC942}") = "ServerIPC", "ServerIPC\ServerIPC.vcxproj", "{C25ABAD8-F0B0-46E6-B7F6-7430BBD43ECF}"
EndProject
Global
	GlobalSection(SolutionConfigurationPlatforms) = preSolution
		Debug|x64 = Debug|x64
		Debug|x86 = Debug|x86
		Release|x64 = Release|x64
		Release|x86 = Release|x86
	EndGlobalSection
	GlobalSection(ProjectConfigurationPlatforms) = postSolution
		{C6C79B9D-42BC-41B6-9BDA-9A0CF519747E}.Debug|x64.ActiveCfg = Debug|x64
		{C6C79B9D-42BC-41B6-9BDA-9A0CF519747E}.Debug|x64.Build.0 = Debug|x64
		{C6C79B9D-42BC-41B6-9BDA-9A0CF519747E}.Debug|x86.ActiveCfg = Debug|Win32
		{C6C79B9D-42BC-41B6-9BDA-9A0CF519747E}.Debug|x86.Build.0 = Debug|Win32
		{C6C79B9D-42BC-41B6-9BDA-9A0CF519747E}.Release|x64.ActiveCfg = Release|x64
		{C6C79B9D-42BC-41B6-9BDA-9A0CF519747E}.Release|x64.Build.0 = Release|x64
		{C6C79B9D-42BC-41B6-9BDA-9A0CF519747E}.Release|x86.ActiveCfg = Release|Win32
		{C6C79B9D-42BC-41B6-9BDA-9A0CF519747E}.Release|x86.Build.0 = Release|Win32
		{C25ABAD8-F0B0-46E6-B7F6-7430BBD43ECF}.Debug|x64.ActiveCfg = Debug|x64
		{C25ABAD8-F0B0-46E6-B7F6-7430BBD43ECF}.Debug|x64.Build.0 = Debug|x64
		{C25ABAD8-F0B0-46E6-B7F6-7430BBD43ECF}.Debug|x86.ActiveCfg = Debug|Win32
		{C25ABAD8-F0B0-46E6-B7F6-7430BBD43ECF}.Debug|x86.Build.0 = Debug|Win32
		{C25ABAD8-F0B0-46E6-B7F6-7430BBD43ECF}.Release|x64.ActiveCfg = Release|x64
		{C25ABAD8-F0B0-46E6-B7F6-7430BBD43ECF}.Release|x64.Build.0 = Release|x64
		{C25ABAD8-F0B0-46E6-B7F6-7430BBD43ECF}.Release|x86.ActiveCfg = Release|Win32
		{C25ABAD8-F0B0-46E6-B7F6-7430BBD43ECF}.Release|x86.Build.0 = Release|Win32
	EndGlobalSection
	GlobalSection(SolutionProperties) = preSolution
		HideSolutionNode = FALSE
	EndGlobalSection
	GlobalSection(ExtensibilityGlobals) = postSolution
		SolutionGuid = {CEF3A4E0-C99D-40E9-BEA9-81944FEB2D97}
	EndGlobalSection
EndGlobal
